{
    "_meta": {
        "hash": {
            "sha256": "82d2d4ab5b4ea80c169036ca436f48ea40401f7904eb478e869ff75834a1b76c"
        },
        "pipfile-spec": 6,
        "requires": {
            "python_version": "3.9"
        },
        "sources": [
            {
                "name": "pypi",
                "url": "https://pypi.org/simple",
                "verify_ssl": true
            }
        ]
    },
    "default": {
        "axelrod": {
            "path": "./../../Axelrod",
            "version": "==4.10.0"
        }
    },
    "develop": {}
}
